
Microsoft Visual Studio Solution File, Format Version 12.00
# Visual Studio Version 16
VisualStudioVersion = 16.0.29326.143
MinimumVisualStudioVersion = 10.0.40219.1
Project("{8BC9CEB8-8B4A-11D0-8D11-00A0C91BC942}") = "DemonstrationApp", "DemonstrationApp\DemonstrationApp.vcxproj", "{BFEB415D-86CA-4018-B19B-22D199D73F1A}"
	ProjectSection(ProjectDependencies) = postProject
		{A0902605-8246-4323-A2E2-CBBA005A6CD6} = {A0902605-8246-4323-A2E2-CBBA005A6CD6}
	EndProjectSection
EndProject
Project("{8BC9CEB8-8B4A-11D0-8D11-00A0C91BC942}") = "SimpleDB", "SimpleDB\SimpleDB.vcxproj", "{A0902605-8246-4323-A2E2-CBBA005A6CD6}"
EndProject
Global
	GlobalSection(SolutionConfigurationPlatforms) = preSolution
		Debug|x64 = Debug|x64
		Debug|x86 = Debug|x86
		Release|x64 = Release|x64
		Release|x86 = Release|x86
	EndGlobalSection
	GlobalSection(ProjectConfigurationPlatforms) = postSolution
		{BFEB415D-86CA-4018-B19B-22D199D73F1A}.Debug|x64.ActiveCfg = Debug|x64
		{BFEB415D-86CA-4018-B19B-22D199D73F1A}.Debug|x64.Build.0 = Debug|x64
		{BFEB415D-86CA-4018-B19B-22D199D73F1A}.Debug|x86.ActiveCfg = Debug|Win32
		{BFEB415D-86CA-4018-B19B-22D199D73F1A}.Debug|x86.Build.0 = Debug|Win32
		{BFEB415D-86CA-4018-B19B-22D199D73F1A}.Release|x64.ActiveCfg = Release|x64
		{BFEB415D-86CA-4018-B19B-22D199D73F1A}.Release|x64.Build.0 = Release|x64
		{BFEB415D-86CA-4018-B19B-22D199D73F1A}.Release|x86.ActiveCfg = Release|Win32
		{BFEB415D-86CA-4018-B19B-22D199D73F1A}.Release|x86.Build.0 = Release|Win32
		{A0902605-8246-4323-A2E2-CBBA005A6CD6}.Debug|x64.ActiveCfg = Debug|x64
		{A0902605-8246-4323-A2E2-CBBA005A6CD6}.Debug|x64.Build.0 = Debug|x64
		{A0902605-8246-4323-A2E2-CBBA005A6CD6}.Debug|x86.ActiveCfg = Debug|Win32
		{A0902605-8246-4323-A2E2-CBBA005A6CD6}.Debug|x86.Build.0 = Debug|Win32
		{A0902605-8246-4323-A2E2-CBBA005A6CD6}.Release|x64.ActiveCfg = Release|x64
		{A0902605-8246-4323-A2E2-CBBA005A6CD6}.Release|x64.Build.0 = Release|x64
		{A0902605-8246-4323-A2E2-CBBA005A6CD6}.Release|x86.ActiveCfg = Release|Win32
		{A0902605-8246-4323-A2E2-CBBA005A6CD6}.Release|x86.Build.0 = Release|Win32
	EndGlobalSection
	GlobalSection(SolutionProperties) = preSolution
		HideSolutionNode = FALSE
	EndGlobalSection
	GlobalSection(ExtensibilityGlobals) = postSolution
		SolutionGuid = {6BA7FD3C-8918-4503-8EE9-EB9AA9074255}
	EndGlobalSection
EndGlobal
